{
  "version": 4,
  "terraform_version": "1.10.2",
  "serial": 247,
  "lineage": "be3d62ca-4dc1-e193-7a30-c9f41af5336b",
  "outputs": {
    "iam_instance_profile_name": {
      "value": "Datatrove_ec2_role_profile",
      "type": "string"
    },
    "s3_bucket_arn": {
      "value": "arn:aws:s3:::datatroveai-database-talktodb-1122",
      "type": "string"
    }
  },
  "resources": [
    {
      "module": "module.ec2_instance",
      "mode": "managed",
      "type": "aws_instance",
      "name": "nginx_instance",
      "provider": "provider[\"registry.terraform.io/hashicorp/aws\"]",
      "instances": [
        {
          "schema_version": 1,
          "attributes": {
            "ami": "ami-04b4f1a9cf54c11d0",
            "arn": "arn:aws:ec2:us-east-1:071357896647:instance/i-0c4c2e5464f1e722a",
            "associate_public_ip_address": true,
            "availability_zone": "us-east-1d",
            "capacity_reservation_specification": [
              {
                "capacity_reservation_preference": "open",
                "capacity_reservation_target": []
              }
            ],
            "cpu_core_count": 1,
            "cpu_options": [
              {
                "amd_sev_snp": "",
                "core_count": 1,
                "threads_per_core": 2
              }
            ],
            "cpu_threads_per_core": 2,
            "credit_specification": [
              {
                "cpu_credits": "unlimited"
              }
            ],
            "disable_api_stop": false,
            "disable_api_termination": false,
            "ebs_block_device": [],
            "ebs_optimized": false,
            "enable_primary_ipv6": null,
            "enclave_options": [
              {
                "enabled": false
              }
            ],
            "ephemeral_block_device": [],
            "get_password_data": false,
            "hibernation": false,
            "host_id": "",
            "host_resource_group_arn": null,
            "iam_instance_profile": "Datatrove_ec2_role_profile",
            "id": "i-0c4c2e5464f1e722a",
            "instance_initiated_shutdown_behavior": "stop",
            "instance_lifecycle": "",
            "instance_market_options": [],
            "instance_state": "running",
            "instance_type": "t3.medium",
            "ipv6_address_count": 0,
            "ipv6_addresses": [],
            "key_name": "test-1",
            "launch_template": [],
            "maintenance_options": [
              {
                "auto_recovery": "default"
              }
            ],
            "metadata_options": [
              {
                "http_endpoint": "enabled",
                "http_protocol_ipv6": "disabled",
                "http_put_response_hop_limit": 2,
                "http_tokens": "required",
                "instance_metadata_tags": "disabled"
              }
            ],
            "monitoring": false,
            "network_interface": [],
            "outpost_arn": "",
            "password_data": "",
            "placement_group": "",
            "placement_partition_number": 0,
            "primary_network_interface_id": "eni-0557402fc40f9134f",
            "private_dns": "ip-172-31-46-229.ec2.internal",
            "private_dns_name_options": [
              {
                "enable_resource_name_dns_a_record": false,
                "enable_resource_name_dns_aaaa_record": false,
                "hostname_type": "ip-name"
              }
            ],
            "private_ip": "172.31.46.229",
            "public_dns": "ec2-54-242-246-54.compute-1.amazonaws.com",
            "public_ip": "54.242.246.54",
            "root_block_device": [
              {
                "delete_on_termination": true,
                "device_name": "/dev/sda1",
                "encrypted": false,
                "iops": 3000,
                "kms_key_id": "",
                "tags": {},
                "tags_all": {},
                "throughput": 125,
                "volume_id": "vol-09684ebd6fb9d271f",
                "volume_size": 20,
                "volume_type": "gp3"
              }
            ],
            "secondary_private_ips": [],
            "security_groups": [
              "default"
            ],
            "source_dest_check": true,
            "spot_instance_request_id": "",
            "subnet_id": "subnet-0055c5cae0641c123",
            "tags": {},
            "tags_all": {},
            "tenancy": "default",
            "timeouts": null,
            "user_data": "e9ce3f2ffa66ce3b00108596127b138cd588c7c0",
            "user_data_base64": null,
            "user_data_replace_on_change": false,
            "volume_tags": null,
            "vpc_security_group_ids": [
              "sg-050003e9a1c7deb69"
            ]
          },
          "sensitive_attributes": [],
          "private": "eyJlMmJmYjczMC1lY2FhLTExZTYtOGY4OC0zNDM2M2JjN2M0YzAiOnsiY3JlYXRlIjo2MDAwMDAwMDAwMDAsImRlbGV0ZSI6MTIwMDAwMDAwMDAwMCwicmVhZCI6OTAwMDAwMDAwMDAwLCJ1cGRhdGUiOjYwMDAwMDAwMDAwMH0sInNjaGVtYV92ZXJzaW9uIjoiMSJ9",
          "dependencies": [
            "module.iam.aws_iam_instance_profile.this",
            "module.iam.aws_iam_role.ec2",
            "module.iam.aws_iam_role.glue",
            "module.iam.aws_iam_role_policy_attachment.ec2_policy_attach",
            "module.iam.aws_iam_role_policy_attachment.glue_policy_attach"
          ]
        }
      ]
    },
    {
      "module": "module.glue",
      "mode": "managed",
      "type": "aws_glue_catalog_database",
      "name": "databases",
      "provider": "provider[\"registry.terraform.io/hashicorp/aws\"]",
      "instances": [
        {
          "index_key": "datatroveai-db",
          "schema_version": 0,
          "attributes": {
            "arn": "arn:aws:glue:us-east-1:071357896647:database/datatroveai-db",
            "catalog_id": "071357896647",
            "create_table_default_permission": [
              {
                "permissions": [
                  "ALL"
                ],
                "principal": [
                  {
                    "data_lake_principal_identifier": "IAM_ALLOWED_PRINCIPALS"
                  }
                ]
              }
            ],
            "description": "",
            "federated_database": [],
            "id": "071357896647:datatroveai-db",
            "location_uri": "",
            "name": "datatroveai-db",
            "parameters": {},
            "tags": {},
            "tags_all": {},
            "target_database": []
          },
          "sensitive_attributes": [],
          "private": "bnVsbA==",
          "dependencies": [
            "module.iam.aws_iam_instance_profile.this",
            "module.iam.aws_iam_role.ec2",
            "module.iam.aws_iam_role.glue",
            "module.iam.aws_iam_role_policy_attachment.ec2_policy_attach",
            "module.iam.aws_iam_role_policy_attachment.glue_policy_attach"
          ]
        },
        {
          "index_key": "datatroveai_healthcare",
          "schema_version": 0,
          "attributes": {
            "arn": "arn:aws:glue:us-east-1:071357896647:database/datatroveai_healthcare",
            "catalog_id": "071357896647",
            "create_table_default_permission": [
              {
                "permissions": [
                  "ALL"
                ],
                "principal": [
                  {
                    "data_lake_principal_identifier": "IAM_ALLOWED_PRINCIPALS"
                  }
                ]
              }
            ],
            "description": "",
            "federated_database": [],
            "id": "071357896647:datatroveai_healthcare",
            "location_uri": "",
            "name": "datatroveai_healthcare",
            "parameters": {},
            "tags": {},
            "tags_all": {},
            "target_database": []
          },
          "sensitive_attributes": [],
          "private": "bnVsbA==",
          "dependencies": [
            "module.iam.aws_iam_instance_profile.this",
            "module.iam.aws_iam_role.ec2",
            "module.iam.aws_iam_role.glue",
            "module.iam.aws_iam_role_policy_attachment.ec2_policy_attach",
            "module.iam.aws_iam_role_policy_attachment.glue_policy_attach"
          ]
        },
        {
          "index_key": "default",
          "schema_version": 0,
          "attributes": {
            "arn": "arn:aws:glue:us-east-1:071357896647:database/default",
            "catalog_id": "071357896647",
            "create_table_default_permission": [
              {
                "permissions": [
                  "ALL"
                ],
                "principal": [
                  {
                    "data_lake_principal_identifier": "IAM_ALLOWED_PRINCIPALS"
                  }
                ]
              }
            ],
            "description": "",
            "federated_database": [],
            "id": "071357896647:default",
            "location_uri": "",
            "name": "default",
            "parameters": {},
            "tags": {},
            "tags_all": {},
            "target_database": []
          },
          "sensitive_attributes": [],
          "private": "bnVsbA==",
          "dependencies": [
            "module.iam.aws_iam_instance_profile.this",
            "module.iam.aws_iam_role.ec2",
            "module.iam.aws_iam_role.glue",
            "module.iam.aws_iam_role_policy_attachment.ec2_policy_attach",
            "module.iam.aws_iam_role_policy_attachment.glue_policy_attach"
          ]
        }
      ]
    },
    {
      "module": "module.glue",
      "mode": "managed",
      "type": "aws_glue_crawler",
      "name": "crawlers",
      "provider": "provider[\"registry.terraform.io/hashicorp/aws\"]",
      "instances": [
        {
          "index_key": "TestCrawler",
          "schema_version": 0,
          "attributes": {
            "arn": "arn:aws:glue:us-east-1:071357896647:crawler/TestCrawler",
            "catalog_target": [],
            "classifiers": [],
            "configuration": "",
            "database_name": "datatroveai_healthcare",
            "delta_target": [],
            "description": "",
            "dynamodb_target": [],
            "hudi_target": [],
            "iceberg_target": [],
            "id": "TestCrawler",
            "jdbc_target": [],
            "lake_formation_configuration": [
              {
                "account_id": "",
                "use_lake_formation_credentials": false
              }
            ],
            "lineage_configuration": [
              {
                "crawler_lineage_settings": "DISABLE"
              }
            ],
            "mongodb_target": [],
            "name": "TestCrawler",
            "recrawl_policy": [
              {
                "recrawl_behavior": "CRAWL_EVERYTHING"
              }
            ],
            "role": "Gluw_crawler_role",
            "s3_target": [
              {
                "connection_name": "",
                "dlq_event_queue_arn": "",
                "event_queue_arn": "",
                "exclusions": [],
                "path": "s3://datatroveai-database-talktodb/data2",
                "sample_size": 0
              }
            ],
            "schedule": "",
            "schema_change_policy": [
              {
                "delete_behavior": "DEPRECATE_IN_DATABASE",
                "update_behavior": "UPDATE_IN_DATABASE"
              }
            ],
            "security_configuration": "",
            "table_prefix": "",
            "tags": {},
            "tags_all": {}
          },
          "sensitive_attributes": [],
          "private": "bnVsbA==",
          "dependencies": [
            "module.iam.aws_iam_instance_profile.this",
            "module.iam.aws_iam_role.ec2",
            "module.iam.aws_iam_role.glue",
            "module.iam.aws_iam_role_policy_attachment.ec2_policy_attach",
            "module.iam.aws_iam_role_policy_attachment.glue_policy_attach"
          ]
        },
        {
          "index_key": "t_gpt_machine_data",
          "schema_version": 0,
          "attributes": {
            "arn": "arn:aws:glue:us-east-1:071357896647:crawler/t_gpt_machine_data",
            "catalog_target": [],
            "classifiers": [],
            "configuration": "",
            "database_name": "datatroveai-db",
            "delta_target": [],
            "description": "",
            "dynamodb_target": [],
            "hudi_target": [],
            "iceberg_target": [],
            "id": "t_gpt_machine_data",
            "jdbc_target": [],
            "lake_formation_configuration": [
              {
                "account_id": "",
                "use_lake_formation_credentials": false
              }
            ],
            "lineage_configuration": [
              {
                "crawler_lineage_settings": "DISABLE"
              }
            ],
            "mongodb_target": [],
            "name": "t_gpt_machine_data",
            "recrawl_policy": [
              {
                "recrawl_behavior": "CRAWL_EVERYTHING"
              }
            ],
            "role": "Gluw_crawler_role",
            "s3_target": [
              {
                "connection_name": "",
                "dlq_event_queue_arn": "",
                "event_queue_arn": "",
                "exclusions": [],
                "path": "s3://datatroveai-database-talktodb/data3",
                "sample_size": 0
              }
            ],
            "schedule": "",
            "schema_change_policy": [
              {
                "delete_behavior": "DEPRECATE_IN_DATABASE",
                "update_behavior": "UPDATE_IN_DATABASE"
              }
            ],
            "security_configuration": "",
            "table_prefix": "",
            "tags": {},
            "tags_all": {}
          },
          "sensitive_attributes": [],
          "private": "bnVsbA==",
          "dependencies": [
            "module.iam.aws_iam_instance_profile.this",
            "module.iam.aws_iam_role.ec2",
            "module.iam.aws_iam_role.glue",
            "module.iam.aws_iam_role_policy_attachment.ec2_policy_attach",
            "module.iam.aws_iam_role_policy_attachment.glue_policy_attach"
          ]
        },
        {
          "index_key": "table-extract-crawler",
          "schema_version": 0,
          "attributes": {
            "arn": "arn:aws:glue:us-east-1:071357896647:crawler/table-extract-crawler",
            "catalog_target": [],
            "classifiers": [],
            "configuration": "",
            "database_name": "datatroveai-db",
            "delta_target": [],
            "description": "",
            "dynamodb_target": [],
            "hudi_target": [],
            "iceberg_target": [],
            "id": "table-extract-crawler",
            "jdbc_target": [],
            "lake_formation_configuration": [
              {
                "account_id": "",
                "use_lake_formation_credentials": false
              }
            ],
            "lineage_configuration": [
              {
                "crawler_lineage_settings": "DISABLE"
              }
            ],
            "mongodb_target": [],
            "name": "table-extract-crawler",
            "recrawl_policy": [
              {
                "recrawl_behavior": "CRAWL_EVERYTHING"
              }
            ],
            "role": "Gluw_crawler_role",
            "s3_target": [
              {
                "connection_name": "",
                "dlq_event_queue_arn": "",
                "event_queue_arn": "",
                "exclusions": [],
                "path": "s3://datatroveai-database-talktodb/data1",
                "sample_size": 0
              }
            ],
            "schedule": "",
            "schema_change_policy": [
              {
                "delete_behavior": "DEPRECATE_IN_DATABASE",
                "update_behavior": "UPDATE_IN_DATABASE"
              }
            ],
            "security_configuration": "",
            "table_prefix": "",
            "tags": {},
            "tags_all": {}
          },
          "sensitive_attributes": [],
          "private": "bnVsbA==",
          "dependencies": [
            "module.iam.aws_iam_instance_profile.this",
            "module.iam.aws_iam_role.ec2",
            "module.iam.aws_iam_role.glue",
            "module.iam.aws_iam_role_policy_attachment.ec2_policy_attach",
            "module.iam.aws_iam_role_policy_attachment.glue_policy_attach"
          ]
        }
      ]
    },
    {
      "module": "module.iam",
      "mode": "managed",
      "type": "aws_iam_instance_profile",
      "name": "this",
      "provider": "provider[\"registry.terraform.io/hashicorp/aws\"]",
      "instances": [
        {
          "schema_version": 0,
          "attributes": {
            "arn": "arn:aws:iam::071357896647:instance-profile/Datatrove_ec2_role_profile",
            "create_date": "2025-02-20T06:36:35Z",
            "id": "Datatrove_ec2_role_profile",
            "name": "Datatrove_ec2_role_profile",
            "name_prefix": "",
            "path": "/",
            "role": "Gluw_crawler_role",
            "tags": {},
            "tags_all": {},
            "unique_id": "AIPARBHKDC7DQZDMZNAYD"
          },
          "sensitive_attributes": [],
          "private": "bnVsbA==",
          "dependencies": [
            "module.iam.aws_iam_role.glue"
          ]
        }
      ]
    },
    {
      "module": "module.iam",
      "mode": "managed",
      "type": "aws_iam_role",
      "name": "ec2",
      "provider": "provider[\"registry.terraform.io/hashicorp/aws\"]",
      "instances": [
        {
          "schema_version": 0,
          "attributes": {
            "arn": "arn:aws:iam::071357896647:role/Datatrove_ec2_role",
            "assume_role_policy": "{\"Statement\":[{\"Action\":\"sts:AssumeRole\",\"Effect\":\"Allow\",\"Principal\":{\"Service\":\"ec2.amazonaws.com\"}}],\"Version\":\"2012-10-17\"}",
            "create_date": "2025-02-20T06:36:33Z",
            "description": "",
            "force_detach_policies": false,
            "id": "Datatrove_ec2_role",
            "inline_policy": [],
            "managed_policy_arns": [
              "arn:aws:iam::aws:policy/AWSGlueSchemaRegistryFullAccess",
              "arn:aws:iam::aws:policy/AWSGlueSchemaRegistryReadonlyAccess",
              "arn:aws:iam::aws:policy/AmazonAthenaFullAccess",
              "arn:aws:iam::aws:policy/AmazonBedrockFullAccess",
              "arn:aws:iam::aws:policy/AmazonS3FullAccess",
              "arn:aws:iam::aws:policy/service-role/AWSGlueServiceRole",
              "arn:aws:iam::aws:policy/service-role/AmazonDataZoneGlueManageAccessRolePolicy"
            ],
            "max_session_duration": 3600,
            "name": "Datatrove_ec2_role",
            "name_prefix": "",
            "path": "/",
            "permissions_boundary": "",
            "tags": {},
            "tags_all": {},
            "unique_id": "AROARBHKDC7DVNPEKARP2"
          },
          "sensitive_attributes": [],
          "private": "bnVsbA=="
        }
      ]
    },
    {
      "module": "module.iam",
      "mode": "managed",
      "type": "aws_iam_role",
      "name": "glue",
      "provider": "provider[\"registry.terraform.io/hashicorp/aws\"]",
      "instances": [
        {
          "schema_version": 0,
          "attributes": {
            "arn": "arn:aws:iam::071357896647:role/Gluw_crawler_role",
            "assume_role_policy": "{\"Statement\":[{\"Action\":\"sts:AssumeRole\",\"Effect\":\"Allow\",\"Principal\":{\"Service\":\"glue.amazonaws.com\"}}],\"Version\":\"2012-10-17\"}",
            "create_date": "2025-02-20T06:39:09Z",
            "description": "",
            "force_detach_policies": false,
            "id": "Gluw_crawler_role",
            "inline_policy": [],
            "managed_policy_arns": [],
            "max_session_duration": 3600,
            "name": "Gluw_crawler_role",
            "name_prefix": "",
            "path": "/",
            "permissions_boundary": "",
            "tags": null,
            "tags_all": {},
            "unique_id": "AROARBHKDC7DZRPDULWIC"
          },
          "sensitive_attributes": [],
          "private": "bnVsbA=="
        }
      ]
    },
    {
      "module": "module.iam",
      "mode": "managed",
      "type": "aws_iam_role_policy_attachment",
      "name": "ec2_policy_attach",
      "provider": "provider[\"registry.terraform.io/hashicorp/aws\"]",
      "instances": [
        {
          "index_key": 0,
          "schema_version": 0,
          "attributes": {
            "id": "Datatrove_ec2_role-20250220063635283100000007",
            "policy_arn": "arn:aws:iam::aws:policy/service-role/AWSGlueServiceRole",
            "role": "Datatrove_ec2_role"
          },
          "sensitive_attributes": [],
          "private": "bnVsbA==",
          "dependencies": [
            "module.iam.aws_iam_role.ec2"
          ]
        },
        {
          "index_key": 1,
          "schema_version": 0,
          "attributes": {
            "id": "Datatrove_ec2_role-20250220063635126000000005",
            "policy_arn": "arn:aws:iam::aws:policy/AWSGlueSchemaRegistryReadonlyAccess",
            "role": "Datatrove_ec2_role"
          },
          "sensitive_attributes": [],
          "private": "bnVsbA==",
          "dependencies": [
            "module.iam.aws_iam_role.ec2"
          ]
        },
        {
          "index_key": 2,
          "schema_version": 0,
          "attributes": {
            "id": "Datatrove_ec2_role-20250220063634558800000001",
            "policy_arn": "arn:aws:iam::aws:policy/AWSGlueSchemaRegistryFullAccess",
            "role": "Datatrove_ec2_role"
          },
          "sensitive_attributes": [],
          "private": "bnVsbA==",
          "dependencies": [
            "module.iam.aws_iam_role.ec2"
          ]
        },
        {
          "index_key": 3,
          "schema_version": 0,
          "attributes": {
            "id": "Datatrove_ec2_role-20250220063634995100000004",
            "policy_arn": "arn:aws:iam::aws:policy/AmazonS3FullAccess",
            "role": "Datatrove_ec2_role"
          },
          "sensitive_attributes": [],
          "private": "bnVsbA==",
          "dependencies": [
            "module.iam.aws_iam_role.ec2"
          ]
        },
        {
          "index_key": 4,
          "schema_version": 0,
          "attributes": {
            "id": "Datatrove_ec2_role-20250220063634644000000002",
            "policy_arn": "arn:aws:iam::aws:policy/AmazonBedrockFullAccess",
            "role": "Datatrove_ec2_role"
          },
          "sensitive_attributes": [],
          "private": "bnVsbA==",
          "dependencies": [
            "module.iam.aws_iam_role.ec2"
          ]
        },
        {
          "index_key": 5,
          "schema_version": 0,
          "attributes": {
            "id": "Datatrove_ec2_role-20250220063635253100000006",
            "policy_arn": "arn:aws:iam::aws:policy/AmazonAthenaFullAccess",
            "role": "Datatrove_ec2_role"
          },
          "sensitive_attributes": [],
          "private": "bnVsbA==",
          "dependencies": [
            "module.iam.aws_iam_role.ec2"
          ]
        },
        {
          "index_key": 6,
          "schema_version": 0,
          "attributes": {
            "id": "Datatrove_ec2_role-20250220063634841600000003",
            "policy_arn": "arn:aws:iam::aws:policy/service-role/AmazonDataZoneGlueManageAccessRolePolicy",
            "role": "Datatrove_ec2_role"
          },
          "sensitive_attributes": [],
          "private": "bnVsbA==",
          "dependencies": [
            "module.iam.aws_iam_role.ec2"
          ]
        }
      ]
    },
    {
      "module": "module.iam",
      "mode": "managed",
      "type": "aws_iam_role_policy_attachment",
      "name": "glue_policy_attach",
      "provider": "provider[\"registry.terraform.io/hashicorp/aws\"]",
      "instances": [
        {
          "index_key": 0,
          "schema_version": 0,
          "attributes": {
            "id": "Gluw_crawler_role-20250220063911458800000003",
            "policy_arn": "arn:aws:iam::aws:policy/AmazonS3FullAccess",
            "role": "Gluw_crawler_role"
          },
          "sensitive_attributes": [],
          "private": "bnVsbA==",
          "dependencies": [
            "module.iam.aws_iam_role.glue"
          ]
        },
        {
          "index_key": 1,
          "schema_version": 0,
          "attributes": {
            "id": "Gluw_crawler_role-20250220063911455800000002",
            "policy_arn": "arn:aws:iam::aws:policy/service-role/AWSGlueServiceRole",
            "role": "Gluw_crawler_role"
          },
          "sensitive_attributes": [],
          "private": "bnVsbA==",
          "dependencies": [
            "module.iam.aws_iam_role.glue"
          ]
        },
        {
          "index_key": 2,
          "schema_version": 0,
          "attributes": {
            "id": "Gluw_crawler_role-20250220063911469800000004",
            "policy_arn": "arn:aws:iam::aws:policy/AWSGlueConsoleFullAccess",
            "role": "Gluw_crawler_role"
          },
          "sensitive_attributes": [],
          "private": "bnVsbA==",
          "dependencies": [
            "module.iam.aws_iam_role.glue"
          ]
        },
        {
          "index_key": 3,
          "schema_version": 0,
          "attributes": {
            "id": "Gluw_crawler_role-20250220063911408400000001",
            "policy_arn": "arn:aws:iam::aws:policy/AmazonAthenaFullAccess",
            "role": "Gluw_crawler_role"
          },
          "sensitive_attributes": [],
          "private": "bnVsbA==",
          "dependencies": [
            "module.iam.aws_iam_role.glue"
          ]
        }
      ]
    },
    {
      "module": "module.s3",
      "mode": "managed",
      "type": "aws_s3_bucket",
      "name": "this",
      "provider": "provider[\"registry.terraform.io/hashicorp/aws\"]",
      "instances": [
        {
          "schema_version": 0,
          "attributes": {
            "acceleration_status": "",
            "acl": null,
            "arn": "arn:aws:s3:::datatroveai-database-talktodb-1122",
            "bucket": "datatroveai-database-talktodb-1122",
            "bucket_domain_name": "datatroveai-database-talktodb-1122.s3.amazonaws.com",
            "bucket_prefix": "",
            "bucket_regional_domain_name": "datatroveai-database-talktodb-1122.s3.us-east-1.amazonaws.com",
            "cors_rule": [],
            "force_destroy": false,
            "grant": [
              {
                "id": "b5486804f9d5b1b1f177a86782d890a4cca1519ec6021b4450a39ce39e4b8083",
                "permissions": [
                  "FULL_CONTROL"
                ],
                "type": "CanonicalUser",
                "uri": ""
              }
            ],
            "hosted_zone_id": "Z3AQBSTGFYJSTF",
            "id": "datatroveai-database-talktodb-1122",
            "lifecycle_rule": [],
            "logging": [],
            "object_lock_configuration": [],
            "object_lock_enabled": false,
            "policy": "",
            "region": "us-east-1",
            "replication_configuration": [],
            "request_payer": "BucketOwner",
            "server_side_encryption_configuration": [
              {
                "rule": [
                  {
                    "apply_server_side_encryption_by_default": [
                      {
                        "kms_master_key_id": "",
                        "sse_algorithm": "AES256"
                      }
                    ],
                    "bucket_key_enabled": false
                  }
                ]
              }
            ],
            "tags": {},
            "tags_all": {},
            "timeouts": null,
            "versioning": [
              {
                "enabled": false,
                "mfa_delete": false
              }
            ],
            "website": [],
            "website_domain": null,
            "website_endpoint": null
          },
          "sensitive_attributes": [],
          "private": "eyJlMmJmYjczMC1lY2FhLTExZTYtOGY4OC0zNDM2M2JjN2M0YzAiOnsiY3JlYXRlIjoxMjAwMDAwMDAwMDAwLCJkZWxldGUiOjM2MDAwMDAwMDAwMDAsInJlYWQiOjEyMDAwMDAwMDAwMDAsInVwZGF0ZSI6MTIwMDAwMDAwMDAwMH19"
        }
      ]
    },
    {
      "module": "module.s3",
      "mode": "managed",
      "type": "aws_s3_object",
      "name": "folders",
      "provider": "provider[\"registry.terraform.io/hashicorp/aws\"]",
      "instances": [
        {
          "index_key": "data1",
          "schema_version": 0,
          "attributes": {
            "acl": null,
            "arn": "arn:aws:s3:::datatroveai-database-talktodb-1122/data1/",
            "bucket": "datatroveai-database-talktodb-1122",
            "bucket_key_enabled": false,
            "cache_control": "",
            "checksum_algorithm": null,
            "checksum_crc32": "",
            "checksum_crc32c": "",
            "checksum_sha1": "",
            "checksum_sha256": "",
            "content": null,
            "content_base64": null,
            "content_disposition": "",
            "content_encoding": "",
            "content_language": "",
            "content_type": "application/octet-stream",
            "etag": "d41d8cd98f00b204e9800998ecf8427e",
            "force_destroy": false,
            "id": "data1/",
            "key": "data1/",
            "kms_key_id": null,
            "metadata": {},
            "object_lock_legal_hold_status": "",
            "object_lock_mode": "",
            "object_lock_retain_until_date": "",
            "override_provider": [],
            "server_side_encryption": "AES256",
            "source": null,
            "source_hash": null,
            "storage_class": "STANDARD",
            "tags": {},
            "tags_all": {},
            "version_id": "",
            "website_redirect": ""
          },
          "sensitive_attributes": [],
          "private": "bnVsbA==",
          "dependencies": [
            "module.s3.aws_s3_bucket.this"
          ]
        },
        {
          "index_key": "data2",
          "schema_version": 0,
          "attributes": {
            "acl": null,
            "arn": "arn:aws:s3:::datatroveai-database-talktodb-1122/data2/",
            "bucket": "datatroveai-database-talktodb-1122",
            "bucket_key_enabled": false,
            "cache_control": "",
            "checksum_algorithm": null,
            "checksum_crc32": "",
            "checksum_crc32c": "",
            "checksum_sha1": "",
            "checksum_sha256": "",
            "content": null,
            "content_base64": null,
            "content_disposition": "",
            "content_encoding": "",
            "content_language": "",
            "content_type": "application/octet-stream",
            "etag": "d41d8cd98f00b204e9800998ecf8427e",
            "force_destroy": false,
            "id": "data2/",
            "key": "data2/",
            "kms_key_id": null,
            "metadata": {},
            "object_lock_legal_hold_status": "",
            "object_lock_mode": "",
            "object_lock_retain_until_date": "",
            "override_provider": [],
            "server_side_encryption": "AES256",
            "source": null,
            "source_hash": null,
            "storage_class": "STANDARD",
            "tags": {},
            "tags_all": {},
            "version_id": "",
            "website_redirect": ""
          },
          "sensitive_attributes": [],
          "private": "bnVsbA==",
          "dependencies": [
            "module.s3.aws_s3_bucket.this"
          ]
        },
        {
          "index_key": "data3",
          "schema_version": 0,
          "attributes": {
            "acl": null,
            "arn": "arn:aws:s3:::datatroveai-database-talktodb-1122/data3/",
            "bucket": "datatroveai-database-talktodb-1122",
            "bucket_key_enabled": false,
            "cache_control": "",
            "checksum_algorithm": null,
            "checksum_crc32": "",
            "checksum_crc32c": "",
            "checksum_sha1": "",
            "checksum_sha256": "",
            "content": null,
            "content_base64": null,
            "content_disposition": "",
            "content_encoding": "",
            "content_language": "",
            "content_type": "application/octet-stream",
            "etag": "d41d8cd98f00b204e9800998ecf8427e",
            "force_destroy": false,
            "id": "data3/",
            "key": "data3/",
            "kms_key_id": null,
            "metadata": {},
            "object_lock_legal_hold_status": "",
            "object_lock_mode": "",
            "object_lock_retain_until_date": "",
            "override_provider": [],
            "server_side_encryption": "AES256",
            "source": null,
            "source_hash": null,
            "storage_class": "STANDARD",
            "tags": {},
            "tags_all": {},
            "version_id": "",
            "website_redirect": ""
          },
          "sensitive_attributes": [],
          "private": "bnVsbA==",
          "dependencies": [
            "module.s3.aws_s3_bucket.this"
          ]
        }
      ]
    }
  ],
  "check_results": null
}
