{
  "version": 4,
  "terraform_version": "1.10.2",
  "serial": 24,
  "lineage": "be3d62ca-4dc1-e193-7a30-c9f41af5336b",
  "outputs": {
    "iam_instance_profile_name": {
      "value": "Datatrove_ec2_role_profile",
      "type": "string"
    },
    "s3_bucket_arn": {
      "value": "arn:aws:s3:::test-terraform-import-1122",
      "type": "string"
    }
  },
  "resources": [
    {
      "module": "module.ec2_instance",
      "mode": "managed",
      "type": "aws_instance",
      "name": "nginx_instance",
      "provider": "provider[\"registry.terraform.io/hashicorp/aws\"]",
      "instances": [
        {
          "schema_version": 1,
          "attributes": {
            "ami": "ami-04b4f1a9cf54c11d0",
            "arn": "arn:aws:ec2:us-east-1:071357896647:instance/i-0ef4396cdb81f1057",
            "associate_public_ip_address": true,
            "availability_zone": "us-east-1c",
            "capacity_reservation_specification": [
              {
                "capacity_reservation_preference": "open",
                "capacity_reservation_target": []
              }
            ],
            "cpu_core_count": 1,
            "cpu_options": [
              {
                "amd_sev_snp": "",
                "core_count": 1,
                "threads_per_core": 1
              }
            ],
            "cpu_threads_per_core": 1,
            "credit_specification": [
              {
                "cpu_credits": "standard"
              }
            ],
            "disable_api_stop": false,
            "disable_api_termination": false,
            "ebs_block_device": [],
            "ebs_optimized": false,
            "enable_primary_ipv6": null,
            "enclave_options": [
              {
                "enabled": false
              }
            ],
            "ephemeral_block_device": [],
            "get_password_data": false,
            "hibernation": false,
            "host_id": "",
            "host_resource_group_arn": null,
            "iam_instance_profile": "Datatrove_ec2_role_profile",
            "id": "i-0ef4396cdb81f1057",
            "instance_initiated_shutdown_behavior": "stop",
            "instance_lifecycle": "",
            "instance_market_options": [],
            "instance_state": "running",
            "instance_type": "t2.micro",
            "ipv6_address_count": 0,
            "ipv6_addresses": [],
            "key_name": "test-1",
            "launch_template": [],
            "maintenance_options": [
              {
                "auto_recovery": "default"
              }
            ],
            "metadata_options": [
              {
                "http_endpoint": "enabled",
                "http_protocol_ipv6": "disabled",
                "http_put_response_hop_limit": 2,
                "http_tokens": "required",
                "instance_metadata_tags": "disabled"
              }
            ],
            "monitoring": false,
            "network_interface": [],
            "outpost_arn": "",
            "password_data": "",
            "placement_group": "",
            "placement_partition_number": 0,
            "primary_network_interface_id": "eni-0dc58ed7efd6a3398",
            "private_dns": "ip-172-31-23-73.ec2.internal",
            "private_dns_name_options": [
              {
                "enable_resource_name_dns_a_record": false,
                "enable_resource_name_dns_aaaa_record": false,
                "hostname_type": "ip-name"
              }
            ],
            "private_ip": "172.31.23.73",
            "public_dns": "ec2-100-25-214-55.compute-1.amazonaws.com",
            "public_ip": "100.25.214.55",
            "root_block_device": [
              {
                "delete_on_termination": true,
                "device_name": "/dev/sda1",
                "encrypted": false,
                "iops": 3000,
                "kms_key_id": "",
                "tags": {},
                "tags_all": {},
                "throughput": 125,
                "volume_id": "vol-004c8e4d8be2f5784",
                "volume_size": 8,
                "volume_type": "gp3"
              }
            ],
            "secondary_private_ips": [],
            "security_groups": [
              "default"
            ],
            "source_dest_check": true,
            "spot_instance_request_id": "",
            "subnet_id": "subnet-0c6ed28adfdf76690",
            "tags": null,
            "tags_all": {},
            "tenancy": "default",
            "timeouts": null,
            "user_data": "e9ce3f2ffa66ce3b00108596127b138cd588c7c0",
            "user_data_base64": null,
            "user_data_replace_on_change": false,
            "volume_tags": null,
            "vpc_security_group_ids": [
              "sg-050003e9a1c7deb69"
            ]
          },
          "sensitive_attributes": [],
          "private": "eyJlMmJmYjczMC1lY2FhLTExZTYtOGY4OC0zNDM2M2JjN2M0YzAiOnsiY3JlYXRlIjo2MDAwMDAwMDAwMDAsImRlbGV0ZSI6MTIwMDAwMDAwMDAwMCwicmVhZCI6OTAwMDAwMDAwMDAwLCJ1cGRhdGUiOjYwMDAwMDAwMDAwMH0sInNjaGVtYV92ZXJzaW9uIjoiMSJ9",
          "dependencies": [
            "module.iam.aws_iam_instance_profile.this",
            "module.iam.aws_iam_role.this",
            "module.iam.aws_iam_role_policy_attachment.policy_attach"
          ]
        }
      ]
    },
    {
      "module": "module.iam",
      "mode": "managed",
      "type": "aws_iam_instance_profile",
      "name": "this",
      "provider": "provider[\"registry.terraform.io/hashicorp/aws\"]",
      "instances": [
        {
          "schema_version": 0,
          "attributes": {
            "arn": "arn:aws:iam::071357896647:instance-profile/Datatrove_ec2_role_profile",
            "create_date": "2025-02-18T09:52:31Z",
            "id": "Datatrove_ec2_role_profile",
            "name": "Datatrove_ec2_role_profile",
            "name_prefix": "",
            "path": "/",
            "role": "Datatrove_ec2_role",
            "tags": {},
            "tags_all": {},
            "unique_id": "AIPARBHKDC7DWOI4ODUA7"
          },
          "sensitive_attributes": [],
          "private": "bnVsbA==",
          "dependencies": [
            "module.iam.aws_iam_role.this"
          ]
        }
      ]
    },
    {
      "module": "module.iam",
      "mode": "managed",
      "type": "aws_iam_role",
      "name": "this",
      "provider": "provider[\"registry.terraform.io/hashicorp/aws\"]",
      "instances": [
        {
          "schema_version": 0,
          "attributes": {
            "arn": "arn:aws:iam::071357896647:role/Datatrove_ec2_role",
            "assume_role_policy": "{\"Statement\":[{\"Action\":\"sts:AssumeRole\",\"Effect\":\"Allow\",\"Principal\":{\"Service\":\"ec2.amazonaws.com\"}}],\"Version\":\"2012-10-17\"}",
            "create_date": "2025-02-18T09:52:29Z",
            "description": "",
            "force_detach_policies": false,
            "id": "Datatrove_ec2_role",
            "inline_policy": [],
            "managed_policy_arns": [
              "arn:aws:iam::aws:policy/AWSGlueSchemaRegistryFullAccess",
              "arn:aws:iam::aws:policy/AWSGlueSchemaRegistryReadonlyAccess",
              "arn:aws:iam::aws:policy/AmazonAthenaFullAccess",
              "arn:aws:iam::aws:policy/AmazonBedrockFullAccess",
              "arn:aws:iam::aws:policy/AmazonS3FullAccess",
              "arn:aws:iam::aws:policy/service-role/AWSGlueServiceRole"
            ],
            "max_session_duration": 3600,
            "name": "Datatrove_ec2_role",
            "name_prefix": "",
            "path": "/",
            "permissions_boundary": "",
            "tags": {},
            "tags_all": {},
            "unique_id": "AROARBHKDC7D6TRG4DBVW"
          },
          "sensitive_attributes": [],
          "private": "bnVsbA=="
        }
      ]
    },
    {
      "module": "module.iam",
      "mode": "managed",
      "type": "aws_iam_role_policy_attachment",
      "name": "policy_attach",
      "provider": "provider[\"registry.terraform.io/hashicorp/aws\"]",
      "instances": [
        {
          "index_key": 0,
          "schema_version": 0,
          "attributes": {
            "id": "Datatrove_ec2_role-20250218095231979200000005",
            "policy_arn": "arn:aws:iam::aws:policy/service-role/AWSGlueServiceRole",
            "role": "Datatrove_ec2_role"
          },
          "sensitive_attributes": [],
          "private": "bnVsbA==",
          "dependencies": [
            "module.iam.aws_iam_role.this"
          ]
        },
        {
          "index_key": 1,
          "schema_version": 0,
          "attributes": {
            "id": "Datatrove_ec2_role-20250218095231406100000002",
            "policy_arn": "arn:aws:iam::aws:policy/AWSGlueSchemaRegistryReadonlyAccess",
            "role": "Datatrove_ec2_role"
          },
          "sensitive_attributes": [],
          "private": "bnVsbA==",
          "dependencies": [
            "module.iam.aws_iam_role.this"
          ]
        },
        {
          "index_key": 2,
          "schema_version": 0,
          "attributes": {
            "id": "Datatrove_ec2_role-20250218095231881200000003",
            "policy_arn": "arn:aws:iam::aws:policy/AWSGlueSchemaRegistryFullAccess",
            "role": "Datatrove_ec2_role"
          },
          "sensitive_attributes": [],
          "private": "bnVsbA==",
          "dependencies": [
            "module.iam.aws_iam_role.this"
          ]
        },
        {
          "index_key": 3,
          "schema_version": 0,
          "attributes": {
            "id": "Datatrove_ec2_role-20250218095232088000000006",
            "policy_arn": "arn:aws:iam::aws:policy/AmazonS3FullAccess",
            "role": "Datatrove_ec2_role"
          },
          "sensitive_attributes": [],
          "private": "bnVsbA==",
          "dependencies": [
            "module.iam.aws_iam_role.this"
          ]
        },
        {
          "index_key": 4,
          "schema_version": 0,
          "attributes": {
            "id": "Datatrove_ec2_role-20250218095231101300000001",
            "policy_arn": "arn:aws:iam::aws:policy/AmazonBedrockFullAccess",
            "role": "Datatrove_ec2_role"
          },
          "sensitive_attributes": [],
          "private": "bnVsbA==",
          "dependencies": [
            "module.iam.aws_iam_role.this"
          ]
        },
        {
          "index_key": 5,
          "schema_version": 0,
          "attributes": {
            "id": "Datatrove_ec2_role-20250218095231975700000004",
            "policy_arn": "arn:aws:iam::aws:policy/AmazonAthenaFullAccess",
            "role": "Datatrove_ec2_role"
          },
          "sensitive_attributes": [],
          "private": "bnVsbA==",
          "dependencies": [
            "module.iam.aws_iam_role.this"
          ]
        },
        {
          "index_key": 6,
          "schema_version": 0,
          "attributes": {
            "id": "Datatrove_ec2_role-20250218095519261800000001",
            "policy_arn": "arn:aws:iam::aws:policy/service-role/AmazonDataZoneGlueManageAccessRolePolicy",
            "role": "Datatrove_ec2_role"
          },
          "sensitive_attributes": [],
          "private": "bnVsbA==",
          "dependencies": [
            "module.iam.aws_iam_role.this"
          ]
        }
      ]
    },
    {
      "module": "module.s3",
      "mode": "managed",
      "type": "aws_s3_bucket",
      "name": "this",
      "provider": "provider[\"registry.terraform.io/hashicorp/aws\"]",
      "instances": [
        {
          "schema_version": 0,
          "attributes": {
            "acceleration_status": "",
            "acl": null,
            "arn": "arn:aws:s3:::test-terraform-import-1122",
            "bucket": "test-terraform-import-1122",
            "bucket_domain_name": "test-terraform-import-1122.s3.amazonaws.com",
            "bucket_prefix": "",
            "bucket_regional_domain_name": "test-terraform-import-1122.s3.us-east-1.amazonaws.com",
            "cors_rule": [],
            "force_destroy": false,
            "grant": [
              {
                "id": "b5486804f9d5b1b1f177a86782d890a4cca1519ec6021b4450a39ce39e4b8083",
                "permissions": [
                  "FULL_CONTROL"
                ],
                "type": "CanonicalUser",
                "uri": ""
              }
            ],
            "hosted_zone_id": "Z3AQBSTGFYJSTF",
            "id": "test-terraform-import-1122",
            "lifecycle_rule": [],
            "logging": [],
            "object_lock_configuration": [],
            "object_lock_enabled": false,
            "policy": "",
            "region": "us-east-1",
            "replication_configuration": [],
            "request_payer": "BucketOwner",
            "server_side_encryption_configuration": [
              {
                "rule": [
                  {
                    "apply_server_side_encryption_by_default": [
                      {
                        "kms_master_key_id": "",
                        "sse_algorithm": "AES256"
                      }
                    ],
                    "bucket_key_enabled": false
                  }
                ]
              }
            ],
            "tags": {},
            "tags_all": {},
            "timeouts": null,
            "versioning": [
              {
                "enabled": false,
                "mfa_delete": false
              }
            ],
            "website": [],
            "website_domain": null,
            "website_endpoint": null
          },
          "sensitive_attributes": [],
          "private": "eyJlMmJmYjczMC1lY2FhLTExZTYtOGY4OC0zNDM2M2JjN2M0YzAiOnsiY3JlYXRlIjoxMjAwMDAwMDAwMDAwLCJkZWxldGUiOjM2MDAwMDAwMDAwMDAsInJlYWQiOjEyMDAwMDAwMDAwMDAsInVwZGF0ZSI6MTIwMDAwMDAwMDAwMH19"
        }
      ]
    }
  ],
  "check_results": null
}
